
Microsoft Visual Studio Solution File, Format Version 12.00
# Visual Studio Version 16
VisualStudioVersion = 16.0.30925.17
MinimumVisualStudioVersion = 10.0.40219.1
Project("{FAE04EC0-301F-11D3-BF4B-00C04F79EFBC}") = "ConsoleApp4", "ConsoleApp4\ConsoleApp4.csproj", "{CDD40E96-B991-4007-9E05-C273A744DFAF}"
EndProject
Global
	GlobalSection(SolutionConfigurationPlatforms) = preSolution
		Debug|Any CPU = Debug|Any CPU
		Release|Any CPU = Release|Any CPU
	EndGlobalSection
	GlobalSection(ProjectConfigurationPlatforms) = postSolution
		{CDD40E96-B991-4007-9E05-C273A744DFAF}.Debug|Any CPU.ActiveCfg = Debug|Any CPU
		{CDD40E96-B991-4007-9E05-C273A744DFAF}.Debug|Any CPU.Build.0 = Debug|Any CPU
		{CDD40E96-B991-4007-9E05-C273A744DFAF}.Release|Any CPU.ActiveCfg = Release|Any CPU
		{CDD40E96-B991-4007-9E05-C273A744DFAF}.Release|Any CPU.Build.0 = Release|Any CPU
	EndGlobalSection
	GlobalSection(SolutionProperties) = preSolution
		HideSolutionNode = FALSE
	EndGlobalSection
	GlobalSection(ExtensibilityGlobals) = postSolution
		SolutionGuid = {DB52A466-3C49-4449-8977-76F7B7CDC3D8}
	EndGlobalSection
EndGlobal
